
Microsoft Visual Studio Solution File, Format Version 12.00
# Visual Studio Version 17
VisualStudioVersion = 17.7.34031.279
MinimumVisualStudioVersion = 10.0.40219.1
Project("{FAE04EC0-301F-11D3-BF4B-00C04F79EFBC}") = "REPASO", "REPASO.csproj", "{BE9F97AC-92F5-45F3-AE97-D43CD60B3DD7}"
EndProject
Global
	GlobalSection(SolutionConfigurationPlatforms) = preSolution
		Debug|Any CPU = Debug|Any CPU
		Release|Any CPU = Release|Any CPU
	EndGlobalSection
	GlobalSection(ProjectConfigurationPlatforms) = postSolution
		{BE9F97AC-92F5-45F3-AE97-D43CD60B3DD7}.Debug|Any CPU.ActiveCfg = Debug|Any CPU
		{BE9F97AC-92F5-45F3-AE97-D43CD60B3DD7}.Debug|Any CPU.Build.0 = Debug|Any CPU
		{BE9F97AC-92F5-45F3-AE97-D43CD60B3DD7}.Release|Any CPU.ActiveCfg = Release|Any CPU
		{BE9F97AC-92F5-45F3-AE97-D43CD60B3DD7}.Release|Any CPU.Build.0 = Release|Any CPU
	EndGlobalSection
	GlobalSection(SolutionProperties) = preSolution
		HideSolutionNode = FALSE
	EndGlobalSection
	GlobalSection(ExtensibilityGlobals) = postSolution
		SolutionGuid = {2A08A051-5A8C-448D-88FD-02C9150B7B14}
	EndGlobalSection
EndGlobal
